
Microsoft Visual Studio Solution File, Format Version 12.00
# Visual Studio 15
VisualStudioVersion = 15.0.27703.2042
MinimumVisualStudioVersion = 10.0.40219.1
Project("{F184B08F-C81C-45F6-A57F-5ABD9991F28F}") = "E2TGST", "E2TGST\E2TGST.vbproj", "{FF0F10D2-973B-4800-AC77-929AADBB200A}"
EndProject
Project("{F184B08F-C81C-45F6-A57F-5ABD9991F28F}") = "Templates", "Additional Libraries\Templates\Templates.vbproj", "{1B5F06FD-6479-40B4-9F40-105141AB78FE}"
EndProject
Project("{2150E333-8FDC-42A3-9474-1A3956D46DE8}") = "Additional Libraries", "Additional Libraries", "{BDE5C33E-4374-405E-A864-8549D338BAD1}"
EndProject
Project("{F184B08F-C81C-45F6-A57F-5ABD9991F28F}") = "Enums", "Additional Libraries\Enums\Enums.vbproj", "{1A3DBD93-E10B-4D52-9F60-A48C3BAD50AC}"
EndProject
Project("{F184B08F-C81C-45F6-A57F-5ABD9991F28F}") = "Objects", "Additional Libraries\Objects\Objects.vbproj", "{7DCBCE4E-3C0B-4B66-8ADD-FBE8FDB006F6}"
EndProject
Project("{F184B08F-C81C-45F6-A57F-5ABD9991F28F}") = "Tally", "Additional Libraries\Tally\Tally.vbproj", "{3B6CB398-BD2D-46E5-949A-FEF990AF4A07}"
EndProject
Project("{F184B08F-C81C-45F6-A57F-5ABD9991F28F}") = "Utils", "Additional Libraries\Utils\Utils.vbproj", "{12DB00A4-9893-48B3-BAE0-AEAF5817F955}"
EndProject
Project("{F184B08F-C81C-45F6-A57F-5ABD9991F28F}") = "REG", "REG\REG.vbproj", "{1447284E-811E-4486-A1AD-96C6CCCA309E}"
EndProject
Global
	GlobalSection(SolutionConfigurationPlatforms) = preSolution
		Debug|Any CPU = Debug|Any CPU
		Release|Any CPU = Release|Any CPU
	EndGlobalSection
	GlobalSection(ProjectConfigurationPlatforms) = postSolution
		{FF0F10D2-973B-4800-AC77-929AADBB200A}.Debug|Any CPU.ActiveCfg = Debug|Any CPU
		{FF0F10D2-973B-4800-AC77-929AADBB200A}.Debug|Any CPU.Build.0 = Debug|Any CPU
		{FF0F10D2-973B-4800-AC77-929AADBB200A}.Release|Any CPU.ActiveCfg = Release|Any CPU
		{FF0F10D2-973B-4800-AC77-929AADBB200A}.Release|Any CPU.Build.0 = Release|Any CPU
		{1B5F06FD-6479-40B4-9F40-105141AB78FE}.Debug|Any CPU.ActiveCfg = Debug|Any CPU
		{1B5F06FD-6479-40B4-9F40-105141AB78FE}.Debug|Any CPU.Build.0 = Debug|Any CPU
		{1B5F06FD-6479-40B4-9F40-105141AB78FE}.Release|Any CPU.ActiveCfg = Release|Any CPU
		{1B5F06FD-6479-40B4-9F40-105141AB78FE}.Release|Any CPU.Build.0 = Release|Any CPU
		{1A3DBD93-E10B-4D52-9F60-A48C3BAD50AC}.Debug|Any CPU.ActiveCfg = Debug|Any CPU
		{1A3DBD93-E10B-4D52-9F60-A48C3BAD50AC}.Debug|Any CPU.Build.0 = Debug|Any CPU
		{1A3DBD93-E10B-4D52-9F60-A48C3BAD50AC}.Release|Any CPU.ActiveCfg = Release|Any CPU
		{1A3DBD93-E10B-4D52-9F60-A48C3BAD50AC}.Release|Any CPU.Build.0 = Release|Any CPU
		{7DCBCE4E-3C0B-4B66-8ADD-FBE8FDB006F6}.Debug|Any CPU.ActiveCfg = Debug|Any CPU
		{7DCBCE4E-3C0B-4B66-8ADD-FBE8FDB006F6}.Debug|Any CPU.Build.0 = Debug|Any CPU
		{7DCBCE4E-3C0B-4B66-8ADD-FBE8FDB006F6}.Release|Any CPU.ActiveCfg = Release|Any CPU
		{7DCBCE4E-3C0B-4B66-8ADD-FBE8FDB006F6}.Release|Any CPU.Build.0 = Release|Any CPU
		{3B6CB398-BD2D-46E5-949A-FEF990AF4A07}.Debug|Any CPU.ActiveCfg = Debug|Any CPU
		{3B6CB398-BD2D-46E5-949A-FEF990AF4A07}.Debug|Any CPU.Build.0 = Debug|Any CPU
		{3B6CB398-BD2D-46E5-949A-FEF990AF4A07}.Release|Any CPU.ActiveCfg = Release|Any CPU
		{3B6CB398-BD2D-46E5-949A-FEF990AF4A07}.Release|Any CPU.Build.0 = Release|Any CPU
		{12DB00A4-9893-48B3-BAE0-AEAF5817F955}.Debug|Any CPU.ActiveCfg = Debug|Any CPU
		{12DB00A4-9893-48B3-BAE0-AEAF5817F955}.Debug|Any CPU.Build.0 = Debug|Any CPU
		{12DB00A4-9893-48B3-BAE0-AEAF5817F955}.Release|Any CPU.ActiveCfg = Release|Any CPU
		{12DB00A4-9893-48B3-BAE0-AEAF5817F955}.Release|Any CPU.Build.0 = Release|Any CPU
		{1447284E-811E-4486-A1AD-96C6CCCA309E}.Debug|Any CPU.ActiveCfg = Debug|Any CPU
		{1447284E-811E-4486-A1AD-96C6CCCA309E}.Debug|Any CPU.Build.0 = Debug|Any CPU
		{1447284E-811E-4486-A1AD-96C6CCCA309E}.Release|Any CPU.ActiveCfg = Release|Any CPU
		{1447284E-811E-4486-A1AD-96C6CCCA309E}.Release|Any CPU.Build.0 = Release|Any CPU
	EndGlobalSection
	GlobalSection(SolutionProperties) = preSolution
		HideSolutionNode = FALSE
	EndGlobalSection
	GlobalSection(NestedProjects) = preSolution
		{1B5F06FD-6479-40B4-9F40-105141AB78FE} = {BDE5C33E-4374-405E-A864-8549D338BAD1}
		{1A3DBD93-E10B-4D52-9F60-A48C3BAD50AC} = {BDE5C33E-4374-405E-A864-8549D338BAD1}
		{7DCBCE4E-3C0B-4B66-8ADD-FBE8FDB006F6} = {BDE5C33E-4374-405E-A864-8549D338BAD1}
		{3B6CB398-BD2D-46E5-949A-FEF990AF4A07} = {BDE5C33E-4374-405E-A864-8549D338BAD1}
		{12DB00A4-9893-48B3-BAE0-AEAF5817F955} = {BDE5C33E-4374-405E-A864-8549D338BAD1}
	EndGlobalSection
	GlobalSection(ExtensibilityGlobals) = postSolution
		SolutionGuid = {752E8C41-C3DC-4936-8DDB-58EA4D973923}
	EndGlobalSection
EndGlobal
